
Microsoft Visual Studio Solution File, Format Version 12.00
# Visual Studio Version 17
VisualStudioVersion = 17.8.34511.84
MinimumVisualStudioVersion = 10.0.40219.1
Project("{FAE04EC0-301F-11D3-BF4B-00C04F79EFBC}") = "Assignment1-n01659860", "Assignment1\Assignment1-n01659860.csproj", "{1C111DB1-FB52-4E63-81E9-FA4B992E9B09}"
EndProject
Global
	GlobalSection(SolutionConfigurationPlatforms) = preSolution
		Debug|Any CPU = Debug|Any CPU
		Release|Any CPU = Release|Any CPU
	EndGlobalSection
	GlobalSection(ProjectConfigurationPlatforms) = postSolution
		{1C111DB1-FB52-4E63-81E9-FA4B992E9B09}.Debug|Any CPU.ActiveCfg = Debug|Any CPU
		{1C111DB1-FB52-4E63-81E9-FA4B992E9B09}.Debug|Any CPU.Build.0 = Debug|Any CPU
		{1C111DB1-FB52-4E63-81E9-FA4B992E9B09}.Release|Any CPU.ActiveCfg = Release|Any CPU
		{1C111DB1-FB52-4E63-81E9-FA4B992E9B09}.Release|Any CPU.Build.0 = Release|Any CPU
	EndGlobalSection
	GlobalSection(SolutionProperties) = preSolution
		HideSolutionNode = FALSE
	EndGlobalSection
	GlobalSection(ExtensibilityGlobals) = postSolution
		SolutionGuid = {C4EFA354-3942-4EE1-81FB-417C7F4E971B}
	EndGlobalSection
EndGlobal
